
Microsoft Visual Studio Solution File, Format Version 12.00
# Visual Studio Version 16
VisualStudioVersion = 16.0.30114.105
MinimumVisualStudioVersion = 10.0.40219.1
Project("{FAE04EC0-301F-11D3-BF4B-00C04F79EFBC}") = "Assignment00", "Assignment00\Assignment00.csproj", "{4362C9ED-6D34-491C-80A7-DECFD73F7EB2}"
EndProject
Project("{FAE04EC0-301F-11D3-BF4B-00C04F79EFBC}") = "Assignment00.Tests", "Assignment00.Tests\Assignment00.Tests.csproj", "{16724E50-7289-4259-B073-E6A480A62530}"
EndProject
Global
	GlobalSection(SolutionConfigurationPlatforms) = preSolution
		Debug|Any CPU = Debug|Any CPU
		Debug|x64 = Debug|x64
		Debug|x86 = Debug|x86
		Release|Any CPU = Release|Any CPU
		Release|x64 = Release|x64
		Release|x86 = Release|x86
	EndGlobalSection
	GlobalSection(SolutionProperties) = preSolution
		HideSolutionNode = FALSE
	EndGlobalSection
	GlobalSection(ProjectConfigurationPlatforms) = postSolution
		{4362C9ED-6D34-491C-80A7-DECFD73F7EB2}.Debug|Any CPU.ActiveCfg = Debug|Any CPU
		{4362C9ED-6D34-491C-80A7-DECFD73F7EB2}.Debug|Any CPU.Build.0 = Debug|Any CPU
		{4362C9ED-6D34-491C-80A7-DECFD73F7EB2}.Debug|x64.ActiveCfg = Debug|Any CPU
		{4362C9ED-6D34-491C-80A7-DECFD73F7EB2}.Debug|x64.Build.0 = Debug|Any CPU
		{4362C9ED-6D34-491C-80A7-DECFD73F7EB2}.Debug|x86.ActiveCfg = Debug|Any CPU
		{4362C9ED-6D34-491C-80A7-DECFD73F7EB2}.Debug|x86.Build.0 = Debug|Any CPU
		{4362C9ED-6D34-491C-80A7-DECFD73F7EB2}.Release|Any CPU.ActiveCfg = Release|Any CPU
		{4362C9ED-6D34-491C-80A7-DECFD73F7EB2}.Release|Any CPU.Build.0 = Release|Any CPU
		{4362C9ED-6D34-491C-80A7-DECFD73F7EB2}.Release|x64.ActiveCfg = Release|Any CPU
		{4362C9ED-6D34-491C-80A7-DECFD73F7EB2}.Release|x64.Build.0 = Release|Any CPU
		{4362C9ED-6D34-491C-80A7-DECFD73F7EB2}.Release|x86.ActiveCfg = Release|Any CPU
		{4362C9ED-6D34-491C-80A7-DECFD73F7EB2}.Release|x86.Build.0 = Release|Any CPU
		{16724E50-7289-4259-B073-E6A480A62530}.Debug|Any CPU.ActiveCfg = Debug|Any CPU
		{16724E50-7289-4259-B073-E6A480A62530}.Debug|Any CPU.Build.0 = Debug|Any CPU
		{16724E50-7289-4259-B073-E6A480A62530}.Debug|x64.ActiveCfg = Debug|Any CPU
		{16724E50-7289-4259-B073-E6A480A62530}.Debug|x64.Build.0 = Debug|Any CPU
		{16724E50-7289-4259-B073-E6A480A62530}.Debug|x86.ActiveCfg = Debug|Any CPU
		{16724E50-7289-4259-B073-E6A480A62530}.Debug|x86.Build.0 = Debug|Any CPU
		{16724E50-7289-4259-B073-E6A480A62530}.Release|Any CPU.ActiveCfg = Release|Any CPU
		{16724E50-7289-4259-B073-E6A480A62530}.Release|Any CPU.Build.0 = Release|Any CPU
		{16724E50-7289-4259-B073-E6A480A62530}.Release|x64.ActiveCfg = Release|Any CPU
		{16724E50-7289-4259-B073-E6A480A62530}.Release|x64.Build.0 = Release|Any CPU
		{16724E50-7289-4259-B073-E6A480A62530}.Release|x86.ActiveCfg = Release|Any CPU
		{16724E50-7289-4259-B073-E6A480A62530}.Release|x86.Build.0 = Release|Any CPU
	EndGlobalSection
EndGlobal
